
Microsoft Visual Studio Solution File, Format Version 12.00
# Visual Studio Version 17
VisualStudioVersion = 17.14.36616.10 d17.14
MinimumVisualStudioVersion = 10.0.40219.1
Project("{FAE04EC0-301F-11D3-BF4B-00C04F79EFBC}") = "AddressBook", "AddressBook\AddressBook.csproj", "{6621AAC3-3DC2-4180-AD05-0F794E2ACD79}"
EndProject
Global
	GlobalSection(SolutionConfigurationPlatforms) = preSolution
		Debug|Any CPU = Debug|Any CPU
		Release|Any CPU = Release|Any CPU
	EndGlobalSection
	GlobalSection(ProjectConfigurationPlatforms) = postSolution
		{6621AAC3-3DC2-4180-AD05-0F794E2ACD79}.Debug|Any CPU.ActiveCfg = Debug|Any CPU
		{6621AAC3-3DC2-4180-AD05-0F794E2ACD79}.Debug|Any CPU.Build.0 = Debug|Any CPU
		{6621AAC3-3DC2-4180-AD05-0F794E2ACD79}.Release|Any CPU.ActiveCfg = Release|Any CPU
		{6621AAC3-3DC2-4180-AD05-0F794E2ACD79}.Release|Any CPU.Build.0 = Release|Any CPU
	EndGlobalSection
	GlobalSection(SolutionProperties) = preSolution
		HideSolutionNode = FALSE
	EndGlobalSection
	GlobalSection(ExtensibilityGlobals) = postSolution
		SolutionGuid = {432CEA36-48CB-463C-9A79-92A44872E582}
	EndGlobalSection
EndGlobal
